// !$*UTF8*$!
{
	archiveVersion = 1;
	classes = {
	};
	objectVersion = 46;
	objects = {

/* Begin PBXBuildFile section */
		7B27435A16D2820600F89C69 /* MapViewController.m in Sources */ = {isa = PBXBuildFile; fileRef = 7B27435916D2820600F89C69 /* MapViewController.m */; };
		7BDBF46C166CDEB100FDA327 /* UIKit.framework in Frameworks */ = {isa = PBXBuildFile; fileRef = 7B8C3FDE15D8D55800E42A41 /* UIKit.framework */; };
		7BDBF46D166CDEB100FDA327 /* Foundation.framework in Frameworks */ = {isa = PBXBuildFile; fileRef = 7B8C3FE015D8D55800E42A41 /* Foundation.framework */; };
		7BDBF46E166CDEB100FDA327 /* CoreGraphics.framework in Frameworks */ = {isa = PBXBuildFile; fileRef = 7B8C3FE215D8D55800E42A41 /* CoreGraphics.framework */; };
		7BDBF474166CDEB100FDA327 /* InfoPlist.strings in Resources */ = {isa = PBXBuildFile; fileRef = 7BDBF472166CDEB100FDA327 /* InfoPlist.strings */; };
		7BDBF476166CDEB100FDA327 /* main.m in Sources */ = {isa = PBXBuildFile; fileRef = 7BDBF475166CDEB100FDA327 /* main.m */; };
		7BDBF47A166CDEB100FDA327 /* SASlideMenuAppDelegate.m in Sources */ = {isa = PBXBuildFile; fileRef = 7BDBF479166CDEB100FDA327 /* SASlideMenuAppDelegate.m */; };
		7BDBF47C166CDEB100FDA327 /* Default.png in Resources */ = {isa = PBXBuildFile; fileRef = 7BDBF47B166CDEB100FDA327 /* Default.png */; };
		7BDBF47E166CDEB100FDA327 /* Default@2x.png in Resources */ = {isa = PBXBuildFile; fileRef = 7BDBF47D166CDEB100FDA327 /* Default@2x.png */; };
		7BDBF480166CDEB100FDA327 /* Default-568h@2x.png in Resources */ = {isa = PBXBuildFile; fileRef = 7BDBF47F166CDEB100FDA327 /* Default-568h@2x.png */; };
		7BDBF492166CDF8200FDA327 /* menuright.png in Resources */ = {isa = PBXBuildFile; fileRef = 7B28D2F41664E6FD000EE929 /* menuright.png */; };
		7BDBF493166CDF8200FDA327 /* menuright@2x.png in Resources */ = {isa = PBXBuildFile; fileRef = 7B28D2F51664E6FE000EE929 /* menuright@2x.png */; };
		7BDBF49B166CDF8200FDA327 /* selectedColoredRow.png in Resources */ = {isa = PBXBuildFile; fileRef = 7B28D2AC165E27A3000EE929 /* selectedColoredRow.png */; };
		7BDBF49C166CDF8200FDA327 /* selectedColoredRow@2x.png in Resources */ = {isa = PBXBuildFile; fileRef = 7B28D2AD165E27A3000EE929 /* selectedColoredRow@2x.png */; };
		7BDBF49F166CDF8200FDA327 /* menu.png in Resources */ = {isa = PBXBuildFile; fileRef = 7B05395715E15A7F00D72377 /* menu.png */; };
		7BDBF4A0166CDF8200FDA327 /* menu@2x.png in Resources */ = {isa = PBXBuildFile; fileRef = 7B05395815E15A7F00D72377 /* menu@2x.png */; };
		7BDBF4A1166CDF8200FDA327 /* menuhighlighted.png in Resources */ = {isa = PBXBuildFile; fileRef = 7B05395915E15A7F00D72377 /* menuhighlighted.png */; };
		7BDBF4A2166CDF8200FDA327 /* menuhighlighted@2x.png in Resources */ = {isa = PBXBuildFile; fileRef = 7B05395A15E15A7F00D72377 /* menuhighlighted@2x.png */; };
		7BDBF4A3166CDF8200FDA327 /* menuicon.png in Resources */ = {isa = PBXBuildFile; fileRef = 7B05395B15E15A7F00D72377 /* menuicon.png */; };
		7BDBF4A4166CDF8200FDA327 /* menuicon@2x.png in Resources */ = {isa = PBXBuildFile; fileRef = 7B05395C15E15A7F00D72377 /* menuicon@2x.png */; };
		7BDBF4A5166CDF8200FDA327 /* disclosure.png in Resources */ = {isa = PBXBuildFile; fileRef = 7BF0A6AA15DE499F00B3B57F /* disclosure.png */; };
		7BDBF4A6166CDF8200FDA327 /* disclosure@2x.png in Resources */ = {isa = PBXBuildFile; fileRef = 7BF0A6AB15DE499F00B3B57F /* disclosure@2x.png */; };
		7BDBF4A7166CDF8200FDA327 /* row.png in Resources */ = {isa = PBXBuildFile; fileRef = 7BF0A6AC15DE499F00B3B57F /* row.png */; };
		7BDBF4A8166CDF8200FDA327 /* row@2x.png in Resources */ = {isa = PBXBuildFile; fileRef = 7BF0A6AD15DE499F00B3B57F /* row@2x.png */; };
		7BDBF4A9166CDF8200FDA327 /* rowselected.png in Resources */ = {isa = PBXBuildFile; fileRef = 7BF0A6AE15DE499F00B3B57F /* rowselected.png */; };
		7BDBF4AA166CDF8200FDA327 /* rowselected@2x.png in Resources */ = {isa = PBXBuildFile; fileRef = 7BF0A6AF15DE499F00B3B57F /* rowselected@2x.png */; };
		7BDBF4AD166CDFEC00FDA327 /* QuestMenuViewController.m in Sources */ = {isa = PBXBuildFile; fileRef = 7B8C3FF415D8D55800E42A41 /* QuestMenuViewController.m */; };
		AB0239C21730B21100D6B382 /* personholdingphone.png in Resources */ = {isa = PBXBuildFile; fileRef = AB0239C11730B21100D6B382 /* personholdingphone.png */; };
		AB031FB5172AF507003886AA /* GoogleMaps.bundle in Resources */ = {isa = PBXBuildFile; fileRef = AB031FB3172AF507003886AA /* GoogleMaps.bundle */; };
		AB031FB6172AF507003886AA /* GoogleMaps.framework in Frameworks */ = {isa = PBXBuildFile; fileRef = AB031FB4172AF507003886AA /* GoogleMaps.framework */; };
		AB07D11A172391030099361D /* Poi.m in Sources */ = {isa = PBXBuildFile; fileRef = AB07D119172391030099361D /* Poi.m */; };
		AB07D11E1723915A0099361D /* EGORefreshTableHeaderView.m in Sources */ = {isa = PBXBuildFile; fileRef = AB07D11D1723915A0099361D /* EGORefreshTableHeaderView.m */; };
		AB07D1211723916B0099361D /* DMRNotificationView.m in Sources */ = {isa = PBXBuildFile; fileRef = AB07D1201723916B0099361D /* DMRNotificationView.m */; };
		AB07D124172391790099361D /* Reachability.m in Sources */ = {isa = PBXBuildFile; fileRef = AB07D123172391790099361D /* Reachability.m */; };
		AB07D127172391900099361D /* XMLDataAccess.m in Sources */ = {isa = PBXBuildFile; fileRef = AB07D126172391900099361D /* XMLDataAccess.m */; };
		AB07D12A172391A60099361D /* ZAActivityBar.m in Sources */ = {isa = PBXBuildFile; fileRef = AB07D129172391A60099361D /* ZAActivityBar.m */; };
		AB07D12D172391B50099361D /* SKBounceAnimation.m in Sources */ = {isa = PBXBuildFile; fileRef = AB07D12C172391B50099361D /* SKBounceAnimation.m */; };
		AB07D130172391C10099361D /* MDCParallaxView.m in Sources */ = {isa = PBXBuildFile; fileRef = AB07D12F172391C10099361D /* MDCParallaxView.m */; };
		AB07D136172393EE0099361D /* ZAActivityBar.bundle in Resources */ = {isa = PBXBuildFile; fileRef = AB07D135172393EE0099361D /* ZAActivityBar.bundle */; };
		AB0D038517305678005943DE /* camera1 copy.png in Resources */ = {isa = PBXBuildFile; fileRef = AB0D037A17305678005943DE /* camera1 copy.png */; };
		AB0D038617305678005943DE /* colorLogoHome.png in Resources */ = {isa = PBXBuildFile; fileRef = AB0D037B17305678005943DE /* colorLogoHome.png */; };
		AB0D038717305678005943DE /* flag-white-larger.png in Resources */ = {isa = PBXBuildFile; fileRef = AB0D037C17305678005943DE /* flag-white-larger.png */; };
		AB0D038817305678005943DE /* flag.png in Resources */ = {isa = PBXBuildFile; fileRef = AB0D037D17305678005943DE /* flag.png */; };
		AB0D038917305678005943DE /* flagGreen.png in Resources */ = {isa = PBXBuildFile; fileRef = AB0D037E17305678005943DE /* flagGreen.png */; };
		AB0D038A17305678005943DE /* grayArrow.png in Resources */ = {isa = PBXBuildFile; fileRef = AB0D037F17305678005943DE /* grayArrow.png */; };
		AB0D038B17305678005943DE /* map.png in Resources */ = {isa = PBXBuildFile; fileRef = AB0D038017305678005943DE /* map.png */; };
		AB0D038D17305678005943DE /* poi-globe.png in Resources */ = {isa = PBXBuildFile; fileRef = AB0D038217305678005943DE /* poi-globe.png */; };
		AB0D038E17305678005943DE /* poi2.png in Resources */ = {isa = PBXBuildFile; fileRef = AB0D038317305678005943DE /* poi2.png */; };
		AB0D038F17305678005943DE /* WisconsinMap.png in Resources */ = {isa = PBXBuildFile; fileRef = AB0D038417305678005943DE /* WisconsinMap.png */; };
		AB0DD904172AEAB10075A008 /* libc++.dylib in Frameworks */ = {isa = PBXBuildFile; fileRef = AB0DD903172AEAB10075A008 /* libc++.dylib */; };
		AB397EF71703F0E5000A6F18 /* AudioToolbox.framework in Frameworks */ = {isa = PBXBuildFile; fileRef = AB397EF61703F0E4000A6F18 /* AudioToolbox.framework */; };
		AB3C2CF716E07C8B003A1A58 /* CoreLocation.framework in Frameworks */ = {isa = PBXBuildFile; fileRef = AB3C2CF616E07C8A003A1A58 /* CoreLocation.framework */; };
		AB3C2D1F16E12606003A1A58 /* ARCoordinate.m in Sources */ = {isa = PBXBuildFile; fileRef = AB3C2D0C16E12606003A1A58 /* ARCoordinate.m */; };
		AB3C2D2016E12606003A1A58 /* ARGeoCoordinate.m in Sources */ = {isa = PBXBuildFile; fileRef = AB3C2D0E16E12606003A1A58 /* ARGeoCoordinate.m */; };
		AB3C2D2116E12606003A1A58 /* ARKit.m in Sources */ = {isa = PBXBuildFile; fileRef = AB3C2D1016E12606003A1A58 /* ARKit.m */; };
		AB3C2D2216E12606003A1A58 /* ARViewController.m in Sources */ = {isa = PBXBuildFile; fileRef = AB3C2D1316E12606003A1A58 /* ARViewController.m */; };
		AB3C2D2316E12606003A1A58 /* AugmentedRealityController.m in Sources */ = {isa = PBXBuildFile; fileRef = AB3C2D1616E12606003A1A58 /* AugmentedRealityController.m */; };
		AB3C2D2416E12606003A1A58 /* GEOLocations.m in Sources */ = {isa = PBXBuildFile; fileRef = AB3C2D1816E12606003A1A58 /* GEOLocations.m */; };
		AB3C2D2516E12606003A1A58 /* MarkerView.m in Sources */ = {isa = PBXBuildFile; fileRef = AB3C2D1A16E12606003A1A58 /* MarkerView.m */; };
		AB3C2D2616E12606003A1A58 /* Radar.m in Sources */ = {isa = PBXBuildFile; fileRef = AB3C2D1C16E12606003A1A58 /* Radar.m */; };
		AB3C2D2716E12606003A1A58 /* RadarViewPortView.m in Sources */ = {isa = PBXBuildFile; fileRef = AB3C2D1E16E12606003A1A58 /* RadarViewPortView.m */; };
		AB3C2D3B16E1277F003A1A58 /* AVFoundation.framework in Frameworks */ = {isa = PBXBuildFile; fileRef = AB3C2D3A16E1277F003A1A58 /* AVFoundation.framework */; };
		AB3C2D3D16E127E5003A1A58 /* QuartzCore.framework in Frameworks */ = {isa = PBXBuildFile; fileRef = AB3C2D3C16E127E4003A1A58 /* QuartzCore.framework */; };
		AB3C2D4216E12F12003A1A58 /* MainStoryboard.storyboard in Resources */ = {isa = PBXBuildFile; fileRef = AB3C2D4116E12F12003A1A58 /* MainStoryboard.storyboard */; };
		AB51ED6C16E7D73600851F19 /* Singleton.m in Sources */ = {isa = PBXBuildFile; fileRef = AB51ED6B16E7D73500851F19 /* Singleton.m */; };
		AB51ED6F16E8226B00851F19 /* SettingsMasterViewController.m in Sources */ = {isa = PBXBuildFile; fileRef = AB51ED6E16E8226A00851F19 /* SettingsMasterViewController.m */; };
		AB51ED7C16E9B6BD00851F19 /* TutorialFirstViewController.m in Sources */ = {isa = PBXBuildFile; fileRef = AB51ED7B16E9B6BA00851F19 /* TutorialFirstViewController.m */; };
		AB51ED8316EAABB100851F19 /* TutorialSecondViewController.m in Sources */ = {isa = PBXBuildFile; fileRef = AB51ED8216EAABAF00851F19 /* TutorialSecondViewController.m */; };
		AB616F4B1714B3EB0058EB99 /* MapModeListViewController.m in Sources */ = {isa = PBXBuildFile; fileRef = AB616F4A1714B3EB0058EB99 /* MapModeListViewController.m */; };
		AB6F7116173D5EE0009D8E16 /* screenshot.png in Resources */ = {isa = PBXBuildFile; fileRef = AB6F7115173D5EE0009D8E16 /* screenshot.png */; };
		AB6F7120173D6103009D8E16 /* iOSlauncher72.png in Resources */ = {isa = PBXBuildFile; fileRef = AB6F711D173D6103009D8E16 /* iOSlauncher72.png */; };
		AB6F7121173D6103009D8E16 /* iOSlauncher114.png in Resources */ = {isa = PBXBuildFile; fileRef = AB6F711E173D6103009D8E16 /* iOSlauncher114.png */; };
		AB6F7122173D6103009D8E16 /* iOSlauncherIcon57.png in Resources */ = {isa = PBXBuildFile; fileRef = AB6F711F173D6103009D8E16 /* iOSlauncherIcon57.png */; };
		AB77BCAF1717A92B00CC5644 /* SASlideMenuContentSegue.m in Sources */ = {isa = PBXBuildFile; fileRef = AB77BCA01717A92B00CC5644 /* SASlideMenuContentSegue.m */; };
		AB77BCB01717A92B00CC5644 /* SASlideMenuLeftMenuSegue.m in Sources */ = {isa = PBXBuildFile; fileRef = AB77BCA21717A92B00CC5644 /* SASlideMenuLeftMenuSegue.m */; };
		AB77BCB11717A92B00CC5644 /* SASlideMenuRightMenuSegue.m in Sources */ = {isa = PBXBuildFile; fileRef = AB77BCA41717A92B00CC5644 /* SASlideMenuRightMenuSegue.m */; };
		AB77BCB21717A92B00CC5644 /* SASlideMenuPushSegue.m in Sources */ = {isa = PBXBuildFile; fileRef = AB77BCA61717A92B00CC5644 /* SASlideMenuPushSegue.m */; };
		AB77BCB31717A92B00CC5644 /* SASlideMenuViewController.m in Sources */ = {isa = PBXBuildFile; fileRef = AB77BCA81717A92B00CC5644 /* SASlideMenuViewController.m */; };
		AB77BCB41717A92B00CC5644 /* SASlideMenuRootViewController.m in Sources */ = {isa = PBXBuildFile; fileRef = AB77BCAA1717A92B00CC5644 /* SASlideMenuRootViewController.m */; };
		AB77BCB51717A92B00CC5644 /* SASlideMenuRightMenuViewController.m in Sources */ = {isa = PBXBuildFile; fileRef = AB77BCAC1717A92B00CC5644 /* SASlideMenuRightMenuViewController.m */; };
		AB77BCB61717A92B00CC5644 /* SASlideMenuNavigationController.m in Sources */ = {isa = PBXBuildFile; fileRef = AB77BCAE1717A92B00CC5644 /* SASlideMenuNavigationController.m */; };
		AB8100E717403D5F00BE2F47 /* launcher144.png in Resources */ = {isa = PBXBuildFile; fileRef = AB8100E617403D5F00BE2F47 /* launcher144.png */; };
		AB972CB316E2D8040098B4AB /* CoreData.framework in Frameworks */ = {isa = PBXBuildFile; fileRef = AB972CB216E2D8040098B4AB /* CoreData.framework */; };
		AB972CB516E2D8150098B4AB /* CoreText.framework in Frameworks */ = {isa = PBXBuildFile; fileRef = AB972CB416E2D8150098B4AB /* CoreText.framework */; };
		AB972CB716E2D81F0098B4AB /* GLKit.framework in Frameworks */ = {isa = PBXBuildFile; fileRef = AB972CB616E2D81F0098B4AB /* GLKit.framework */; };
		AB972CBB16E2D83E0098B4AB /* libicucore.dylib in Frameworks */ = {isa = PBXBuildFile; fileRef = AB972CBA16E2D83E0098B4AB /* libicucore.dylib */; };
		AB972CBD16E2D8480098B4AB /* libstdc++.dylib in Frameworks */ = {isa = PBXBuildFile; fileRef = AB972CBC16E2D8480098B4AB /* libstdc++.dylib */; };
		AB972CBF16E2D8500098B4AB /* libz.dylib in Frameworks */ = {isa = PBXBuildFile; fileRef = AB972CBE16E2D8500098B4AB /* libz.dylib */; };
		AB972CC116E2D8570098B4AB /* OpenGLES.framework in Frameworks */ = {isa = PBXBuildFile; fileRef = AB972CC016E2D8570098B4AB /* OpenGLES.framework */; };
		AB972CC316E2D85F0098B4AB /* SystemConfiguration.framework in Frameworks */ = {isa = PBXBuildFile; fileRef = AB972CC216E2D85E0098B4AB /* SystemConfiguration.framework */; };
		AB9CC1DE16E3CE4000B47683 /* XmlArrayParser.m in Sources */ = {isa = PBXBuildFile; fileRef = AB9CC1DD16E3CE4000B47683 /* XmlArrayParser.m */; };
		AB9CC1E116E422FA00B47683 /* MapPackListViewController.m in Sources */ = {isa = PBXBuildFile; fileRef = AB9CC1E016E422F900B47683 /* MapPackListViewController.m */; };
		AB9CC1E316E51B4500B47683 /* menu copy.png in Resources */ = {isa = PBXBuildFile; fileRef = AB9CC1E216E51B4400B47683 /* menu copy.png */; };
		AB9CC1E516E52A4D00B47683 /* menu copy2.png in Resources */ = {isa = PBXBuildFile; fileRef = AB9CC1E416E52A4C00B47683 /* menu copy2.png */; };
		ABA1D0FE17151CAE007F2972 /* ImageIO.framework in Frameworks */ = {isa = PBXBuildFile; fileRef = ABBDE47717151A60002A416E /* ImageIO.framework */; settings = {ATTRIBUTES = (Required, ); }; };
		ABAF55D5171CF9E200278222 /* ImageViewController.m in Sources */ = {isa = PBXBuildFile; fileRef = ABAF55D4171CF9DE00278222 /* ImageViewController.m */; };
/* End PBXBuildFile section */

/* Begin PBXFileReference section */
		7B05395715E15A7F00D72377 /* menu.png */ = {isa = PBXFileReference; lastKnownFileType = image.png; path = menu.png; sourceTree = "<group>"; };
		7B05395815E15A7F00D72377 /* menu@2x.png */ = {isa = PBXFileReference; lastKnownFileType = image.png; path = "menu@2x.png"; sourceTree = "<group>"; };
		7B05395915E15A7F00D72377 /* menuhighlighted.png */ = {isa = PBXFileReference; lastKnownFileType = image.png; path = menuhighlighted.png; sourceTree = "<group>"; };
		7B05395A15E15A7F00D72377 /* menuhighlighted@2x.png */ = {isa = PBXFileReference; lastKnownFileType = image.png; path = "menuhighlighted@2x.png"; sourceTree = "<group>"; };
		7B05395B15E15A7F00D72377 /* menuicon.png */ = {isa = PBXFileReference; lastKnownFileType = image.png; path = menuicon.png; sourceTree = "<group>"; };
		7B05395C15E15A7F00D72377 /* menuicon@2x.png */ = {isa = PBXFileReference; lastKnownFileType = image.png; path = "menuicon@2x.png"; sourceTree = "<group>"; };
		7B27435816D2820600F89C69 /* MapViewController.h */ = {isa = PBXFileReference; fileEncoding = 4; lastKnownFileType = sourcecode.c.h; path = MapViewController.h; sourceTree = "<group>"; };
		7B27435916D2820600F89C69 /* MapViewController.m */ = {isa = PBXFileReference; fileEncoding = 4; lastKnownFileType = sourcecode.c.objc; path = MapViewController.m; sourceTree = "<group>"; };
		7B28D2AC165E27A3000EE929 /* selectedColoredRow.png */ = {isa = PBXFileReference; lastKnownFileType = image.png; path = selectedColoredRow.png; sourceTree = "<group>"; };
		7B28D2AD165E27A3000EE929 /* selectedColoredRow@2x.png */ = {isa = PBXFileReference; lastKnownFileType = image.png; path = "selectedColoredRow@2x.png"; sourceTree = "<group>"; };
		7B28D2F41664E6FD000EE929 /* menuright.png */ = {isa = PBXFileReference; lastKnownFileType = image.png; path = menuright.png; sourceTree = "<group>"; };
		7B28D2F51664E6FE000EE929 /* menuright@2x.png */ = {isa = PBXFileReference; lastKnownFileType = image.png; path = "menuright@2x.png"; sourceTree = "<group>"; };
		7B8C3FDE15D8D55800E42A41 /* UIKit.framework */ = {isa = PBXFileReference; lastKnownFileType = wrapper.framework; name = UIKit.framework; path = System/Library/Frameworks/UIKit.framework; sourceTree = SDKROOT; };
		7B8C3FE015D8D55800E42A41 /* Foundation.framework */ = {isa = PBXFileReference; lastKnownFileType = wrapper.framework; name = Foundation.framework; path = System/Library/Frameworks/Foundation.framework; sourceTree = SDKROOT; };
		7B8C3FE215D8D55800E42A41 /* CoreGraphics.framework */ = {isa = PBXFileReference; lastKnownFileType = wrapper.framework; name = CoreGraphics.framework; path = System/Library/Frameworks/CoreGraphics.framework; sourceTree = SDKROOT; };
		7B8C3FE615D8D55800E42A41 /* SASlideMenu-Info.plist */ = {isa = PBXFileReference; lastKnownFileType = text.plist.xml; path = "SASlideMenu-Info.plist"; sourceTree = "<group>"; };
		7B8C3FE815D8D55800E42A41 /* en */ = {isa = PBXFileReference; lastKnownFileType = text.plist.strings; name = en; path = en.lproj/InfoPlist.strings; sourceTree = "<group>"; };
		7B8C3FEA15D8D55800E42A41 /* main.m */ = {isa = PBXFileReference; lastKnownFileType = sourcecode.c.objc; path = main.m; sourceTree = "<group>"; };
		7B8C3FEC15D8D55800E42A41 /* SASlideMenu-Prefix.pch */ = {isa = PBXFileReference; lastKnownFileType = sourcecode.c.h; path = "SASlideMenu-Prefix.pch"; sourceTree = "<group>"; };
		7B8C3FED15D8D55800E42A41 /* SASlideMenuAppDelegate.h */ = {isa = PBXFileReference; lastKnownFileType = sourcecode.c.h; path = SASlideMenuAppDelegate.h; sourceTree = "<group>"; };
		7B8C3FEE15D8D55800E42A41 /* SASlideMenuAppDelegate.m */ = {isa = PBXFileReference; lastKnownFileType = sourcecode.c.objc; path = SASlideMenuAppDelegate.m; sourceTree = "<group>"; };
		7B8C3FF315D8D55800E42A41 /* QuestMenuViewController.h */ = {isa = PBXFileReference; lastKnownFileType = sourcecode.c.h; name = QuestMenuViewController.h; path = ../SASlideMenu/QuestMenuViewController.h; sourceTree = "<group>"; };
		7B8C3FF415D8D55800E42A41 /* QuestMenuViewController.m */ = {isa = PBXFileReference; lastKnownFileType = sourcecode.c.objc; name = QuestMenuViewController.m; path = ../SASlideMenu/QuestMenuViewController.m; sourceTree = "<group>"; };
		7BDBF46A166CDEB100FDA327 /* UWSP Tours.app */ = {isa = PBXFileReference; explicitFileType = wrapper.application; includeInIndex = 0; path = "UWSP Tours.app"; sourceTree = BUILT_PRODUCTS_DIR; };
		7BDBF471166CDEB100FDA327 /* UWSP Virtual ToursStatic-Info.plist */ = {isa = PBXFileReference; lastKnownFileType = text.plist.xml; path = "UWSP Virtual ToursStatic-Info.plist"; sourceTree = "<group>"; };
		7BDBF473166CDEB100FDA327 /* en */ = {isa = PBXFileReference; lastKnownFileType = text.plist.strings; name = en; path = en.lproj/InfoPlist.strings; sourceTree = "<group>"; };
		7BDBF475166CDEB100FDA327 /* main.m */ = {isa = PBXFileReference; lastKnownFileType = sourcecode.c.objc; path = main.m; sourceTree = "<group>"; };
		7BDBF477166CDEB100FDA327 /* UWSP Virtual ToursStatic-Prefix.pch */ = {isa = PBXFileReference; lastKnownFileType = sourcecode.c.h; path = "UWSP Virtual ToursStatic-Prefix.pch"; sourceTree = "<group>"; };
		7BDBF478166CDEB100FDA327 /* SASlideMenuAppDelegate.h */ = {isa = PBXFileReference; lastKnownFileType = sourcecode.c.h; path = SASlideMenuAppDelegate.h; sourceTree = "<group>"; };
		7BDBF479166CDEB100FDA327 /* SASlideMenuAppDelegate.m */ = {isa = PBXFileReference; lastKnownFileType = sourcecode.c.objc; path = SASlideMenuAppDelegate.m; sourceTree = "<group>"; };
		7BDBF47B166CDEB100FDA327 /* Default.png */ = {isa = PBXFileReference; lastKnownFileType = image.png; path = Default.png; sourceTree = "<group>"; };
		7BDBF47D166CDEB100FDA327 /* Default@2x.png */ = {isa = PBXFileReference; lastKnownFileType = image.png; path = "Default@2x.png"; sourceTree = "<group>"; };
		7BDBF47F166CDEB100FDA327 /* Default-568h@2x.png */ = {isa = PBXFileReference; lastKnownFileType = image.png; path = "Default-568h@2x.png"; sourceTree = "<group>"; };
		7BF0A6AA15DE499F00B3B57F /* disclosure.png */ = {isa = PBXFileReference; lastKnownFileType = image.png; path = disclosure.png; sourceTree = "<group>"; };
		7BF0A6AB15DE499F00B3B57F /* disclosure@2x.png */ = {isa = PBXFileReference; lastKnownFileType = image.png; path = "disclosure@2x.png"; sourceTree = "<group>"; };
		7BF0A6AC15DE499F00B3B57F /* row.png */ = {isa = PBXFileReference; lastKnownFileType = image.png; path = row.png; sourceTree = "<group>"; };
		7BF0A6AD15DE499F00B3B57F /* row@2x.png */ = {isa = PBXFileReference; lastKnownFileType = image.png; path = "row@2x.png"; sourceTree = "<group>"; };
		7BF0A6AE15DE499F00B3B57F /* rowselected.png */ = {isa = PBXFileReference; lastKnownFileType = image.png; path = rowselected.png; sourceTree = "<group>"; };
		7BF0A6AF15DE499F00B3B57F /* rowselected@2x.png */ = {isa = PBXFileReference; lastKnownFileType = image.png; path = "rowselected@2x.png"; sourceTree = "<group>"; };
		7BF0A6B915DE682A00B3B57F /* README.md */ = {isa = PBXFileReference; fileEncoding = 4; lastKnownFileType = text; path = README.md; sourceTree = "<group>"; };
		AB0239C11730B21100D6B382 /* personholdingphone.png */ = {isa = PBXFileReference; lastKnownFileType = image.png; name = personholdingphone.png; path = Assets/personholdingphone.png; sourceTree = "<group>"; };
		AB031FB3172AF507003886AA /* GoogleMaps.bundle */ = {isa = PBXFileReference; lastKnownFileType = "wrapper.plug-in"; name = GoogleMaps.bundle; path = SASlideMenuStatic/GoogleMaps.bundle; sourceTree = "<group>"; };
		AB031FB4172AF507003886AA /* GoogleMaps.framework */ = {isa = PBXFileReference; lastKnownFileType = wrapper.framework; name = GoogleMaps.framework; path = SASlideMenuStatic/GoogleMaps.framework; sourceTree = "<group>"; };
		AB07D119172391030099361D /* Poi.m */ = {isa = PBXFileReference; fileEncoding = 4; lastKnownFileType = sourcecode.c.objc; name = Poi.m; path = SASlideMenuStatic/Poi.m; sourceTree = "<group>"; };
		AB07D11B172391200099361D /* Poi.h */ = {isa = PBXFileReference; fileEncoding = 4; lastKnownFileType = sourcecode.c.h; name = Poi.h; path = SASlideMenuStatic/Poi.h; sourceTree = "<group>"; };
		AB07D11C1723915A0099361D /* EGORefreshTableHeaderView.h */ = {isa = PBXFileReference; fileEncoding = 4; lastKnownFileType = sourcecode.c.h; name = EGORefreshTableHeaderView.h; path = SASlideMenuStatic/EGORefreshTableHeaderView.h; sourceTree = "<group>"; };
		AB07D11D1723915A0099361D /* EGORefreshTableHeaderView.m */ = {isa = PBXFileReference; fileEncoding = 4; lastKnownFileType = sourcecode.c.objc; name = EGORefreshTableHeaderView.m; path = SASlideMenuStatic/EGORefreshTableHeaderView.m; sourceTree = "<group>"; };
		AB07D11F1723916B0099361D /* DMRNotificationView.h */ = {isa = PBXFileReference; fileEncoding = 4; lastKnownFileType = sourcecode.c.h; name = DMRNotificationView.h; path = SASlideMenuStatic/DMRNotificationView.h; sourceTree = "<group>"; };
		AB07D1201723916B0099361D /* DMRNotificationView.m */ = {isa = PBXFileReference; fileEncoding = 4; lastKnownFileType = sourcecode.c.objc; name = DMRNotificationView.m; path = SASlideMenuStatic/DMRNotificationView.m; sourceTree = "<group>"; };
		AB07D122172391790099361D /* Reachability.h */ = {isa = PBXFileReference; fileEncoding = 4; lastKnownFileType = sourcecode.c.h; name = Reachability.h; path = SASlideMenuStatic/Reachability.h; sourceTree = "<group>"; };
		AB07D123172391790099361D /* Reachability.m */ = {isa = PBXFileReference; fileEncoding = 4; lastKnownFileType = sourcecode.c.objc; name = Reachability.m; path = SASlideMenuStatic/Reachability.m; sourceTree = "<group>"; };
		AB07D125172391900099361D /* XMLDataAccess.h */ = {isa = PBXFileReference; fileEncoding = 4; lastKnownFileType = sourcecode.c.h; name = XMLDataAccess.h; path = SASlideMenuStatic/XMLDataAccess.h; sourceTree = "<group>"; };
		AB07D126172391900099361D /* XMLDataAccess.m */ = {isa = PBXFileReference; fileEncoding = 4; lastKnownFileType = sourcecode.c.objc; name = XMLDataAccess.m; path = SASlideMenuStatic/XMLDataAccess.m; sourceTree = "<group>"; };
		AB07D128172391A60099361D /* ZAActivityBar.h */ = {isa = PBXFileReference; fileEncoding = 4; lastKnownFileType = sourcecode.c.h; name = ZAActivityBar.h; path = SASlideMenuStatic/ZAActivityBar.h; sourceTree = "<group>"; };
		AB07D129172391A60099361D /* ZAActivityBar.m */ = {isa = PBXFileReference; fileEncoding = 4; lastKnownFileType = sourcecode.c.objc; name = ZAActivityBar.m; path = SASlideMenuStatic/ZAActivityBar.m; sourceTree = "<group>"; };
		AB07D12B172391B50099361D /* SKBounceAnimation.h */ = {isa = PBXFileReference; fileEncoding = 4; lastKnownFileType = sourcecode.c.h; name = SKBounceAnimation.h; path = SASlideMenuStatic/SKBounceAnimation.h; sourceTree = "<group>"; };
		AB07D12C172391B50099361D /* SKBounceAnimation.m */ = {isa = PBXFileReference; fileEncoding = 4; lastKnownFileType = sourcecode.c.objc; name = SKBounceAnimation.m; path = SASlideMenuStatic/SKBounceAnimation.m; sourceTree = "<group>"; };
		AB07D12E172391C10099361D /* MDCParallaxView.h */ = {isa = PBXFileReference; fileEncoding = 4; lastKnownFileType = sourcecode.c.h; name = MDCParallaxView.h; path = SASlideMenuStatic/MDCParallaxView.h; sourceTree = "<group>"; };
		AB07D12F172391C10099361D /* MDCParallaxView.m */ = {isa = PBXFileReference; fileEncoding = 4; lastKnownFileType = sourcecode.c.objc; name = MDCParallaxView.m; path = SASlideMenuStatic/MDCParallaxView.m; sourceTree = "<group>"; };
		AB07D135172393EE0099361D /* ZAActivityBar.bundle */ = {isa = PBXFileReference; lastKnownFileType = "wrapper.plug-in"; name = ZAActivityBar.bundle; path = SASlideMenuStatic/ZAActivityBar.bundle; sourceTree = "<group>"; };
		AB0D037A17305678005943DE /* camera1 copy.png */ = {isa = PBXFileReference; lastKnownFileType = image.png; name = "camera1 copy.png"; path = "Assets/camera1 copy.png"; sourceTree = "<group>"; };
		AB0D037B17305678005943DE /* colorLogoHome.png */ = {isa = PBXFileReference; lastKnownFileType = image.png; name = colorLogoHome.png; path = Assets/colorLogoHome.png; sourceTree = "<group>"; };
		AB0D037C17305678005943DE /* flag-white-larger.png */ = {isa = PBXFileReference; lastKnownFileType = image.png; name = "flag-white-larger.png"; path = "Assets/flag-white-larger.png"; sourceTree = "<group>"; };
		AB0D037D17305678005943DE /* flag.png */ = {isa = PBXFileReference; lastKnownFileType = image.png; name = flag.png; path = Assets/flag.png; sourceTree = "<group>"; };
		AB0D037E17305678005943DE /* flagGreen.png */ = {isa = PBXFileReference; lastKnownFileType = image.png; name = flagGreen.png; path = Assets/flagGreen.png; sourceTree = "<group>"; };
		AB0D037F17305678005943DE /* grayArrow.png */ = {isa = PBXFileReference; lastKnownFileType = image.png; name = grayArrow.png; path = Assets/grayArrow.png; sourceTree = "<group>"; };
		AB0D038017305678005943DE /* map.png */ = {isa = PBXFileReference; lastKnownFileType = image.png; name = map.png; path = Assets/map.png; sourceTree = "<group>"; };
		AB0D038217305678005943DE /* poi-globe.png */ = {isa = PBXFileReference; lastKnownFileType = image.png; name = "poi-globe.png"; path = "Assets/poi-globe.png"; sourceTree = "<group>"; };
		AB0D038317305678005943DE /* poi2.png */ = {isa = PBXFileReference; lastKnownFileType = image.png; name = poi2.png; path = Assets/poi2.png; sourceTree = "<group>"; };
		AB0D038417305678005943DE /* WisconsinMap.png */ = {isa = PBXFileReference; lastKnownFileType = image.png; name = WisconsinMap.png; path = Assets/WisconsinMap.png; sourceTree = "<group>"; };
		AB0DD903172AEAB10075A008 /* libc++.dylib */ = {isa = PBXFileReference; lastKnownFileType = "compiled.mach-o.dylib"; name = "libc++.dylib"; path = "usr/lib/libc++.dylib"; sourceTree = SDKROOT; };
		AB397EF61703F0E4000A6F18 /* AudioToolbox.framework */ = {isa = PBXFileReference; lastKnownFileType = wrapper.framework; name = AudioToolbox.framework; path = System/Library/Frameworks/AudioToolbox.framework; sourceTree = SDKROOT; };
		AB3C2CF616E07C8A003A1A58 /* CoreLocation.framework */ = {isa = PBXFileReference; lastKnownFileType = wrapper.framework; name = CoreLocation.framework; path = System/Library/Frameworks/CoreLocation.framework; sourceTree = SDKROOT; };
		AB3C2D0B16E12606003A1A58 /* ARCoordinate.h */ = {isa = PBXFileReference; fileEncoding = 4; lastKnownFileType = sourcecode.c.h; path = ARCoordinate.h; sourceTree = "<group>"; };
		AB3C2D0C16E12606003A1A58 /* ARCoordinate.m */ = {isa = PBXFileReference; fileEncoding = 4; lastKnownFileType = sourcecode.c.objc; path = ARCoordinate.m; sourceTree = "<group>"; };
		AB3C2D0D16E12606003A1A58 /* ARGeoCoordinate.h */ = {isa = PBXFileReference; fileEncoding = 4; lastKnownFileType = sourcecode.c.h; path = ARGeoCoordinate.h; sourceTree = "<group>"; };
		AB3C2D0E16E12606003A1A58 /* ARGeoCoordinate.m */ = {isa = PBXFileReference; fileEncoding = 4; lastKnownFileType = sourcecode.c.objc; path = ARGeoCoordinate.m; sourceTree = "<group>"; };
		AB3C2D0F16E12606003A1A58 /* ARKit.h */ = {isa = PBXFileReference; fileEncoding = 4; lastKnownFileType = sourcecode.c.h; path = ARKit.h; sourceTree = "<group>"; };
		AB3C2D1016E12606003A1A58 /* ARKit.m */ = {isa = PBXFileReference; fileEncoding = 4; lastKnownFileType = sourcecode.c.objc; path = ARKit.m; sourceTree = "<group>"; };
		AB3C2D1116E12606003A1A58 /* ARLocationDelegate.h */ = {isa = PBXFileReference; fileEncoding = 4; lastKnownFileType = sourcecode.c.h; path = ARLocationDelegate.h; sourceTree = "<group>"; };
		AB3C2D1216E12606003A1A58 /* ARViewController.h */ = {isa = PBXFileReference; fileEncoding = 4; lastKnownFileType = sourcecode.c.h; path = ARViewController.h; sourceTree = "<group>"; };
		AB3C2D1316E12606003A1A58 /* ARViewController.m */ = {isa = PBXFileReference; fileEncoding = 4; lastKnownFileType = sourcecode.c.objc; path = ARViewController.m; sourceTree = "<group>"; };
		AB3C2D1416E12606003A1A58 /* ARViewProtocol.h */ = {isa = PBXFileReference; fileEncoding = 4; lastKnownFileType = sourcecode.c.h; path = ARViewProtocol.h; sourceTree = "<group>"; };
		AB3C2D1516E12606003A1A58 /* AugmentedRealityController.h */ = {isa = PBXFileReference; fileEncoding = 4; lastKnownFileType = sourcecode.c.h; path = AugmentedRealityController.h; sourceTree = "<group>"; };
		AB3C2D1616E12606003A1A58 /* AugmentedRealityController.m */ = {isa = PBXFileReference; fileEncoding = 4; lastKnownFileType = sourcecode.c.objc; path = AugmentedRealityController.m; sourceTree = "<group>"; };
		AB3C2D1716E12606003A1A58 /* GEOLocations.h */ = {isa = PBXFileReference; fileEncoding = 4; lastKnownFileType = sourcecode.c.h; path = GEOLocations.h; sourceTree = "<group>"; };
		AB3C2D1816E12606003A1A58 /* GEOLocations.m */ = {isa = PBXFileReference; fileEncoding = 4; lastKnownFileType = sourcecode.c.objc; path = GEOLocations.m; sourceTree = "<group>"; };
		AB3C2D1916E12606003A1A58 /* MarkerView.h */ = {isa = PBXFileReference; fileEncoding = 4; lastKnownFileType = sourcecode.c.h; path = MarkerView.h; sourceTree = "<group>"; };
		AB3C2D1A16E12606003A1A58 /* MarkerView.m */ = {isa = PBXFileReference; fileEncoding = 4; lastKnownFileType = sourcecode.c.objc; path = MarkerView.m; sourceTree = "<group>"; };
		AB3C2D1B16E12606003A1A58 /* Radar.h */ = {isa = PBXFileReference; fileEncoding = 4; lastKnownFileType = sourcecode.c.h; path = Radar.h; sourceTree = "<group>"; };
		AB3C2D1C16E12606003A1A58 /* Radar.m */ = {isa = PBXFileReference; fileEncoding = 4; lastKnownFileType = sourcecode.c.objc; path = Radar.m; sourceTree = "<group>"; };
		AB3C2D1D16E12606003A1A58 /* RadarViewPortView.h */ = {isa = PBXFileReference; fileEncoding = 4; lastKnownFileType = sourcecode.c.h; path = RadarViewPortView.h; sourceTree = "<group>"; };
		AB3C2D1E16E12606003A1A58 /* RadarViewPortView.m */ = {isa = PBXFileReference; fileEncoding = 4; lastKnownFileType = sourcecode.c.objc; path = RadarViewPortView.m; sourceTree = "<group>"; };
		AB3C2D3A16E1277F003A1A58 /* AVFoundation.framework */ = {isa = PBXFileReference; lastKnownFileType = wrapper.framework; name = AVFoundation.framework; path = System/Library/Frameworks/AVFoundation.framework; sourceTree = SDKROOT; };
		AB3C2D3C16E127E4003A1A58 /* QuartzCore.framework */ = {isa = PBXFileReference; lastKnownFileType = wrapper.framework; name = QuartzCore.framework; path = System/Library/Frameworks/QuartzCore.framework; sourceTree = SDKROOT; };
		AB3C2D4116E12F12003A1A58 /* MainStoryboard.storyboard */ = {isa = PBXFileReference; fileEncoding = 4; lastKnownFileType = file.storyboard; path = MainStoryboard.storyboard; sourceTree = "<group>"; };
		AB51ED6A16E7D73500851F19 /* Singleton.h */ = {isa = PBXFileReference; fileEncoding = 4; lastKnownFileType = sourcecode.c.h; name = Singleton.h; path = SASlideMenuStatic/Singleton.h; sourceTree = "<group>"; };
		AB51ED6B16E7D73500851F19 /* Singleton.m */ = {isa = PBXFileReference; fileEncoding = 4; lastKnownFileType = sourcecode.c.objc; name = Singleton.m; path = SASlideMenuStatic/Singleton.m; sourceTree = "<group>"; };
		AB51ED6D16E8226800851F19 /* SettingsMasterViewController.h */ = {isa = PBXFileReference; fileEncoding = 4; lastKnownFileType = sourcecode.c.h; path = SettingsMasterViewController.h; sourceTree = "<group>"; };
		AB51ED6E16E8226A00851F19 /* SettingsMasterViewController.m */ = {isa = PBXFileReference; fileEncoding = 4; lastKnownFileType = sourcecode.c.objc; path = SettingsMasterViewController.m; sourceTree = "<group>"; };
		AB51ED7A16E9B6B800851F19 /* TutorialFirstViewController.h */ = {isa = PBXFileReference; fileEncoding = 4; lastKnownFileType = sourcecode.c.h; path = TutorialFirstViewController.h; sourceTree = "<group>"; };
		AB51ED7B16E9B6BA00851F19 /* TutorialFirstViewController.m */ = {isa = PBXFileReference; fileEncoding = 4; lastKnownFileType = sourcecode.c.objc; path = TutorialFirstViewController.m; sourceTree = "<group>"; };
		AB51ED8116EAABAD00851F19 /* TutorialSecondViewController.h */ = {isa = PBXFileReference; fileEncoding = 4; lastKnownFileType = sourcecode.c.h; path = TutorialSecondViewController.h; sourceTree = "<group>"; };
		AB51ED8216EAABAF00851F19 /* TutorialSecondViewController.m */ = {isa = PBXFileReference; fileEncoding = 4; lastKnownFileType = sourcecode.c.objc; path = TutorialSecondViewController.m; sourceTree = "<group>"; };
		AB616F491714B3EB0058EB99 /* MapModeListViewController.h */ = {isa = PBXFileReference; fileEncoding = 4; lastKnownFileType = sourcecode.c.h; path = MapModeListViewController.h; sourceTree = "<group>"; };
		AB616F4A1714B3EB0058EB99 /* MapModeListViewController.m */ = {isa = PBXFileReference; fileEncoding = 4; lastKnownFileType = sourcecode.c.objc; path = MapModeListViewController.m; sourceTree = "<group>"; };
		AB6F7115173D5EE0009D8E16 /* screenshot.png */ = {isa = PBXFileReference; lastKnownFileType = image.png; path = screenshot.png; sourceTree = "<group>"; };
		AB6F711D173D6103009D8E16 /* iOSlauncher72.png */ = {isa = PBXFileReference; lastKnownFileType = image.png; name = iOSlauncher72.png; path = Assets/iOSlauncher72.png; sourceTree = "<group>"; };
		AB6F711E173D6103009D8E16 /* iOSlauncher114.png */ = {isa = PBXFileReference; lastKnownFileType = image.png; name = iOSlauncher114.png; path = Assets/iOSlauncher114.png; sourceTree = "<group>"; };
		AB6F711F173D6103009D8E16 /* iOSlauncherIcon57.png */ = {isa = PBXFileReference; lastKnownFileType = image.png; name = iOSlauncherIcon57.png; path = Assets/iOSlauncherIcon57.png; sourceTree = "<group>"; };
		AB77BC9D1717A92B00CC5644 /* SASlideMenuDataSource.h */ = {isa = PBXFileReference; fileEncoding = 4; lastKnownFileType = sourcecode.c.h; path = SASlideMenuDataSource.h; sourceTree = "<group>"; };
		AB77BC9E1717A92B00CC5644 /* SASlideMenuDelegate.h */ = {isa = PBXFileReference; fileEncoding = 4; lastKnownFileType = sourcecode.c.h; path = SASlideMenuDelegate.h; sourceTree = "<group>"; };
		AB77BC9F1717A92B00CC5644 /* SASlideMenuContentSegue.h */ = {isa = PBXFileReference; fileEncoding = 4; lastKnownFileType = sourcecode.c.h; path = SASlideMenuContentSegue.h; sourceTree = "<group>"; };
		AB77BCA01717A92B00CC5644 /* SASlideMenuContentSegue.m */ = {isa = PBXFileReference; fileEncoding = 4; lastKnownFileType = sourcecode.c.objc; path = SASlideMenuContentSegue.m; sourceTree = "<group>"; };
		AB77BCA11717A92B00CC5644 /* SASlideMenuLeftMenuSegue.h */ = {isa = PBXFileReference; fileEncoding = 4; lastKnownFileType = sourcecode.c.h; path = SASlideMenuLeftMenuSegue.h; sourceTree = "<group>"; };
		AB77BCA21717A92B00CC5644 /* SASlideMenuLeftMenuSegue.m */ = {isa = PBXFileReference; fileEncoding = 4; lastKnownFileType = sourcecode.c.objc; path = SASlideMenuLeftMenuSegue.m; sourceTree = "<group>"; };
		AB77BCA31717A92B00CC5644 /* SASlideMenuRightMenuSegue.h */ = {isa = PBXFileReference; fileEncoding = 4; lastKnownFileType = sourcecode.c.h; path = SASlideMenuRightMenuSegue.h; sourceTree = "<group>"; };
		AB77BCA41717A92B00CC5644 /* SASlideMenuRightMenuSegue.m */ = {isa = PBXFileReference; fileEncoding = 4; lastKnownFileType = sourcecode.c.objc; path = SASlideMenuRightMenuSegue.m; sourceTree = "<group>"; };
		AB77BCA51717A92B00CC5644 /* SASlideMenuPushSegue.h */ = {isa = PBXFileReference; fileEncoding = 4; lastKnownFileType = sourcecode.c.h; path = SASlideMenuPushSegue.h; sourceTree = "<group>"; };
		AB77BCA61717A92B00CC5644 /* SASlideMenuPushSegue.m */ = {isa = PBXFileReference; fileEncoding = 4; lastKnownFileType = sourcecode.c.objc; path = SASlideMenuPushSegue.m; sourceTree = "<group>"; };
		AB77BCA71717A92B00CC5644 /* SASlideMenuViewController.h */ = {isa = PBXFileReference; fileEncoding = 4; lastKnownFileType = sourcecode.c.h; path = SASlideMenuViewController.h; sourceTree = "<group>"; };
		AB77BCA81717A92B00CC5644 /* SASlideMenuViewController.m */ = {isa = PBXFileReference; fileEncoding = 4; lastKnownFileType = sourcecode.c.objc; path = SASlideMenuViewController.m; sourceTree = "<group>"; };
		AB77BCA91717A92B00CC5644 /* SASlideMenuRootViewController.h */ = {isa = PBXFileReference; fileEncoding = 4; lastKnownFileType = sourcecode.c.h; path = SASlideMenuRootViewController.h; sourceTree = "<group>"; };
		AB77BCAA1717A92B00CC5644 /* SASlideMenuRootViewController.m */ = {isa = PBXFileReference; fileEncoding = 4; lastKnownFileType = sourcecode.c.objc; path = SASlideMenuRootViewController.m; sourceTree = "<group>"; };
		AB77BCAB1717A92B00CC5644 /* SASlideMenuRightMenuViewController.h */ = {isa = PBXFileReference; fileEncoding = 4; lastKnownFileType = sourcecode.c.h; path = SASlideMenuRightMenuViewController.h; sourceTree = "<group>"; };
		AB77BCAC1717A92B00CC5644 /* SASlideMenuRightMenuViewController.m */ = {isa = PBXFileReference; fileEncoding = 4; lastKnownFileType = sourcecode.c.objc; path = SASlideMenuRightMenuViewController.m; sourceTree = "<group>"; };
		AB77BCAD1717A92B00CC5644 /* SASlideMenuNavigationController.h */ = {isa = PBXFileReference; fileEncoding = 4; lastKnownFileType = sourcecode.c.h; path = SASlideMenuNavigationController.h; sourceTree = "<group>"; };
		AB77BCAE1717A92B00CC5644 /* SASlideMenuNavigationController.m */ = {isa = PBXFileReference; fileEncoding = 4; lastKnownFileType = sourcecode.c.objc; path = SASlideMenuNavigationController.m; sourceTree = "<group>"; };
		AB8100E617403D5F00BE2F47 /* launcher144.png */ = {isa = PBXFileReference; lastKnownFileType = image.png; name = launcher144.png; path = Assets/launcher144.png; sourceTree = "<group>"; };
		AB972CB216E2D8040098B4AB /* CoreData.framework */ = {isa = PBXFileReference; lastKnownFileType = wrapper.framework; name = CoreData.framework; path = System/Library/Frameworks/CoreData.framework; sourceTree = SDKROOT; };
		AB972CB416E2D8150098B4AB /* CoreText.framework */ = {isa = PBXFileReference; lastKnownFileType = wrapper.framework; name = CoreText.framework; path = System/Library/Frameworks/CoreText.framework; sourceTree = SDKROOT; };
		AB972CB616E2D81F0098B4AB /* GLKit.framework */ = {isa = PBXFileReference; lastKnownFileType = wrapper.framework; name = GLKit.framework; path = System/Library/Frameworks/GLKit.framework; sourceTree = SDKROOT; };
		AB972CBA16E2D83E0098B4AB /* libicucore.dylib */ = {isa = PBXFileReference; lastKnownFileType = "compiled.mach-o.dylib"; name = libicucore.dylib; path = usr/lib/libicucore.dylib; sourceTree = SDKROOT; };
		AB972CBC16E2D8480098B4AB /* libstdc++.dylib */ = {isa = PBXFileReference; lastKnownFileType = "compiled.mach-o.dylib"; name = "libstdc++.dylib"; path = "usr/lib/libstdc++.dylib"; sourceTree = SDKROOT; };
		AB972CBE16E2D8500098B4AB /* libz.dylib */ = {isa = PBXFileReference; lastKnownFileType = "compiled.mach-o.dylib"; name = libz.dylib; path = usr/lib/libz.dylib; sourceTree = SDKROOT; };
		AB972CC016E2D8570098B4AB /* OpenGLES.framework */ = {isa = PBXFileReference; lastKnownFileType = wrapper.framework; name = OpenGLES.framework; path = System/Library/Frameworks/OpenGLES.framework; sourceTree = SDKROOT; };
		AB972CC216E2D85E0098B4AB /* SystemConfiguration.framework */ = {isa = PBXFileReference; lastKnownFileType = wrapper.framework; name = SystemConfiguration.framework; path = System/Library/Frameworks/SystemConfiguration.framework; sourceTree = SDKROOT; };
		AB9CC1DC16E3CE4000B47683 /* XmlArrayParser.h */ = {isa = PBXFileReference; fileEncoding = 4; lastKnownFileType = sourcecode.c.h; name = XmlArrayParser.h; path = SASlideMenuStatic/XmlArrayParser.h; sourceTree = "<group>"; };
		AB9CC1DD16E3CE4000B47683 /* XmlArrayParser.m */ = {isa = PBXFileReference; fileEncoding = 4; lastKnownFileType = sourcecode.c.objc; name = XmlArrayParser.m; path = SASlideMenuStatic/XmlArrayParser.m; sourceTree = "<group>"; };
		AB9CC1DF16E422F900B47683 /* MapPackListViewController.h */ = {isa = PBXFileReference; fileEncoding = 4; lastKnownFileType = sourcecode.c.h; path = MapPackListViewController.h; sourceTree = "<group>"; };
		AB9CC1E016E422F900B47683 /* MapPackListViewController.m */ = {isa = PBXFileReference; fileEncoding = 4; lastKnownFileType = sourcecode.c.objc; path = MapPackListViewController.m; sourceTree = "<group>"; };
		AB9CC1E216E51B4400B47683 /* menu copy.png */ = {isa = PBXFileReference; lastKnownFileType = image.png; path = "menu copy.png"; sourceTree = "<group>"; };
		AB9CC1E416E52A4C00B47683 /* menu copy2.png */ = {isa = PBXFileReference; lastKnownFileType = image.png; path = "menu copy2.png"; sourceTree = "<group>"; };
		ABAF55D3171CF9DD00278222 /* ImageViewController.h */ = {isa = PBXFileReference; fileEncoding = 4; lastKnownFileType = sourcecode.c.h; path = ImageViewController.h; sourceTree = "<group>"; };
		ABAF55D4171CF9DE00278222 /* ImageViewController.m */ = {isa = PBXFileReference; fileEncoding = 4; lastKnownFileType = sourcecode.c.objc; path = ImageViewController.m; sourceTree = "<group>"; };
		ABBDE47717151A60002A416E /* ImageIO.framework */ = {isa = PBXFileReference; lastKnownFileType = wrapper.framework; name = ImageIO.framework; path = System/Library/Frameworks/ImageIO.framework; sourceTree = SDKROOT; };
/* End PBXFileReference section */

/* Begin PBXFrameworksBuildPhase section */
		7BDBF467166CDEB100FDA327 /* Frameworks */ = {
			isa = PBXFrameworksBuildPhase;
			buildActionMask = 2147483647;
			files = (
				AB0DD904172AEAB10075A008 /* libc++.dylib in Frameworks */,
				ABA1D0FE17151CAE007F2972 /* ImageIO.framework in Frameworks */,
				AB397EF71703F0E5000A6F18 /* AudioToolbox.framework in Frameworks */,
				AB972CC316E2D85F0098B4AB /* SystemConfiguration.framework in Frameworks */,
				AB972CC116E2D8570098B4AB /* OpenGLES.framework in Frameworks */,
				AB972CBF16E2D8500098B4AB /* libz.dylib in Frameworks */,
				AB972CBD16E2D8480098B4AB /* libstdc++.dylib in Frameworks */,
				AB972CBB16E2D83E0098B4AB /* libicucore.dylib in Frameworks */,
				AB972CB716E2D81F0098B4AB /* GLKit.framework in Frameworks */,
				AB972CB516E2D8150098B4AB /* CoreText.framework in Frameworks */,
				AB3C2CF716E07C8B003A1A58 /* CoreLocation.framework in Frameworks */,
				AB972CB316E2D8040098B4AB /* CoreData.framework in Frameworks */,
				AB3C2D3D16E127E5003A1A58 /* QuartzCore.framework in Frameworks */,
				AB3C2D3B16E1277F003A1A58 /* AVFoundation.framework in Frameworks */,
				7BDBF46C166CDEB100FDA327 /* UIKit.framework in Frameworks */,
				7BDBF46D166CDEB100FDA327 /* Foundation.framework in Frameworks */,
				7BDBF46E166CDEB100FDA327 /* CoreGraphics.framework in Frameworks */,
				AB031FB6172AF507003886AA /* GoogleMaps.framework in Frameworks */,
			);
			runOnlyForDeploymentPostprocessing = 0;
		};
/* End PBXFrameworksBuildPhase section */

/* Begin PBXGroup section */
		7B05395615E15A5E00D72377 /* Images */ = {
			isa = PBXGroup;
			children = (
				AB9CC1E416E52A4C00B47683 /* menu copy2.png */,
				AB9CC1E216E51B4400B47683 /* menu copy.png */,
				7B28D2F41664E6FD000EE929 /* menuright.png */,
				7B28D2F51664E6FE000EE929 /* menuright@2x.png */,
				7B28D2AC165E27A3000EE929 /* selectedColoredRow.png */,
				7B28D2AD165E27A3000EE929 /* selectedColoredRow@2x.png */,
				7B05395715E15A7F00D72377 /* menu.png */,
				7B05395815E15A7F00D72377 /* menu@2x.png */,
				7B05395915E15A7F00D72377 /* menuhighlighted.png */,
				7B05395A15E15A7F00D72377 /* menuhighlighted@2x.png */,
				7B05395B15E15A7F00D72377 /* menuicon.png */,
				7B05395C15E15A7F00D72377 /* menuicon@2x.png */,
				7BF0A6AA15DE499F00B3B57F /* disclosure.png */,
				7BF0A6AB15DE499F00B3B57F /* disclosure@2x.png */,
				7BF0A6AC15DE499F00B3B57F /* row.png */,
				7BF0A6AD15DE499F00B3B57F /* row@2x.png */,
				7BF0A6AE15DE499F00B3B57F /* rowselected.png */,
				7BF0A6AF15DE499F00B3B57F /* rowselected@2x.png */,
			);
			name = Images;
			sourceTree = "<group>";
		};
		7B8C3FCF15D8D55800E42A41 = {
			isa = PBXGroup;
			children = (
				7BF0A6B915DE682A00B3B57F /* README.md */,
				AB6F7115173D5EE0009D8E16 /* screenshot.png */,
				AB0890611700DBF500506A01 /* Model */,
				AB0890601700DBD600506A01 /* Classes */,
				AB9CC1D816E319B200B47683 /* Controllers */,
				7B8C3FDD15D8D55800E42A41 /* Frameworks */,
				7B8C3FDB15D8D55800E42A41 /* Products */,
				AB0D037917305653005943DE /* Assets */,
				7BDBF470166CDEB100FDA327 /* Supporting Files */,
			);
			sourceTree = "<group>";
		};
		7B8C3FDB15D8D55800E42A41 /* Products */ = {
			isa = PBXGroup;
			children = (
				7BDBF46A166CDEB100FDA327 /* UWSP Tours.app */,
			);
			name = Products;
			sourceTree = "<group>";
		};
		7B8C3FDD15D8D55800E42A41 /* Frameworks */ = {
			isa = PBXGroup;
			children = (
				AB031FB3172AF507003886AA /* GoogleMaps.bundle */,
				AB031FB4172AF507003886AA /* GoogleMaps.framework */,
				AB0DD903172AEAB10075A008 /* libc++.dylib */,
				AB07D135172393EE0099361D /* ZAActivityBar.bundle */,
				ABBDE47717151A60002A416E /* ImageIO.framework */,
				AB397EF61703F0E4000A6F18 /* AudioToolbox.framework */,
				AB972CC216E2D85E0098B4AB /* SystemConfiguration.framework */,
				AB972CC016E2D8570098B4AB /* OpenGLES.framework */,
				AB972CBE16E2D8500098B4AB /* libz.dylib */,
				AB972CBC16E2D8480098B4AB /* libstdc++.dylib */,
				AB972CBA16E2D83E0098B4AB /* libicucore.dylib */,
				AB972CB616E2D81F0098B4AB /* GLKit.framework */,
				AB972CB416E2D8150098B4AB /* CoreText.framework */,
				AB972CB216E2D8040098B4AB /* CoreData.framework */,
				AB3C2D3C16E127E4003A1A58 /* QuartzCore.framework */,
				AB3C2D3A16E1277F003A1A58 /* AVFoundation.framework */,
				AB3C2CF616E07C8A003A1A58 /* CoreLocation.framework */,
				7B8C3FDE15D8D55800E42A41 /* UIKit.framework */,
				7B8C3FE015D8D55800E42A41 /* Foundation.framework */,
				7B8C3FE215D8D55800E42A41 /* CoreGraphics.framework */,
			);
			name = Frameworks;
			sourceTree = "<group>";
		};
		7B8C3FE415D8D55800E42A41 /* SASlideMenuSource */ = {
			isa = PBXGroup;
			children = (
				AB77BC9D1717A92B00CC5644 /* SASlideMenuDataSource.h */,
				AB77BC9E1717A92B00CC5644 /* SASlideMenuDelegate.h */,
				AB77BC9F1717A92B00CC5644 /* SASlideMenuContentSegue.h */,
				AB77BCA01717A92B00CC5644 /* SASlideMenuContentSegue.m */,
				AB77BCA11717A92B00CC5644 /* SASlideMenuLeftMenuSegue.h */,
				AB77BCA21717A92B00CC5644 /* SASlideMenuLeftMenuSegue.m */,
				AB77BCA31717A92B00CC5644 /* SASlideMenuRightMenuSegue.h */,
				AB77BCA41717A92B00CC5644 /* SASlideMenuRightMenuSegue.m */,
				AB77BCA51717A92B00CC5644 /* SASlideMenuPushSegue.h */,
				AB77BCA61717A92B00CC5644 /* SASlideMenuPushSegue.m */,
				AB77BCA71717A92B00CC5644 /* SASlideMenuViewController.h */,
				AB77BCA81717A92B00CC5644 /* SASlideMenuViewController.m */,
				AB77BCA91717A92B00CC5644 /* SASlideMenuRootViewController.h */,
				AB77BCAA1717A92B00CC5644 /* SASlideMenuRootViewController.m */,
				AB77BCAB1717A92B00CC5644 /* SASlideMenuRightMenuViewController.h */,
				AB77BCAC1717A92B00CC5644 /* SASlideMenuRightMenuViewController.m */,
				AB77BCAD1717A92B00CC5644 /* SASlideMenuNavigationController.h */,
				AB77BCAE1717A92B00CC5644 /* SASlideMenuNavigationController.m */,
				7BF0A68615DE492E00B3B57F /* SASlideMenu */,
				7B8C3FED15D8D55800E42A41 /* SASlideMenuAppDelegate.h */,
				7B8C3FEE15D8D55800E42A41 /* SASlideMenuAppDelegate.m */,
				7B05395615E15A5E00D72377 /* Images */,
				7B8C3FE515D8D55800E42A41 /* Supporting Files */,
			);
			name = SASlideMenuSource;
			path = ../SASlideMenu;
			sourceTree = "<group>";
		};
		7B8C3FE515D8D55800E42A41 /* Supporting Files */ = {
			isa = PBXGroup;
			children = (
				AB3C2D0A16E125F7003A1A58 /* ARKit */,
				7B8C3FE615D8D55800E42A41 /* SASlideMenu-Info.plist */,
				7B8C3FE715D8D55800E42A41 /* InfoPlist.strings */,
				7B8C3FEA15D8D55800E42A41 /* main.m */,
				7B8C3FEC15D8D55800E42A41 /* SASlideMenu-Prefix.pch */,
			);
			name = "Supporting Files";
			sourceTree = "<group>";
		};
		7BDBF470166CDEB100FDA327 /* Supporting Files */ = {
			isa = PBXGroup;
			children = (
				7B8C3FE415D8D55800E42A41 /* SASlideMenuSource */,
				7BDBF471166CDEB100FDA327 /* UWSP Virtual ToursStatic-Info.plist */,
				7BDBF472166CDEB100FDA327 /* InfoPlist.strings */,
				7BDBF475166CDEB100FDA327 /* main.m */,
				7BDBF477166CDEB100FDA327 /* UWSP Virtual ToursStatic-Prefix.pch */,
				7BDBF47B166CDEB100FDA327 /* Default.png */,
				7BDBF47D166CDEB100FDA327 /* Default@2x.png */,
				7BDBF47F166CDEB100FDA327 /* Default-568h@2x.png */,
			);
			name = "Supporting Files";
			path = SASlideMenuStatic;
			sourceTree = SOURCE_ROOT;
		};
		7BF0A68615DE492E00B3B57F /* SASlideMenu */ = {
			isa = PBXGroup;
			children = (
			);
			path = SASlideMenu;
			sourceTree = "<group>";
		};
		AB0890601700DBD600506A01 /* Classes */ = {
			isa = PBXGroup;
			children = (
				AB07D12E172391C10099361D /* MDCParallaxView.h */,
				AB07D12F172391C10099361D /* MDCParallaxView.m */,
				AB07D12B172391B50099361D /* SKBounceAnimation.h */,
				AB07D12C172391B50099361D /* SKBounceAnimation.m */,
				AB07D128172391A60099361D /* ZAActivityBar.h */,
				AB07D129172391A60099361D /* ZAActivityBar.m */,
				AB07D125172391900099361D /* XMLDataAccess.h */,
				AB07D126172391900099361D /* XMLDataAccess.m */,
				AB07D122172391790099361D /* Reachability.h */,
				AB07D123172391790099361D /* Reachability.m */,
				AB07D11F1723916B0099361D /* DMRNotificationView.h */,
				AB07D1201723916B0099361D /* DMRNotificationView.m */,
				AB07D11C1723915A0099361D /* EGORefreshTableHeaderView.h */,
				AB07D11D1723915A0099361D /* EGORefreshTableHeaderView.m */,
				AB9CC1DC16E3CE4000B47683 /* XmlArrayParser.h */,
				AB9CC1DD16E3CE4000B47683 /* XmlArrayParser.m */,
			);
			name = Classes;
			sourceTree = "<group>";
		};
		AB0890611700DBF500506A01 /* Model */ = {
			isa = PBXGroup;
			children = (
				AB07D11B172391200099361D /* Poi.h */,
				AB07D119172391030099361D /* Poi.m */,
				AB51ED6A16E7D73500851F19 /* Singleton.h */,
				AB51ED6B16E7D73500851F19 /* Singleton.m */,
			);
			name = Model;
			sourceTree = "<group>";
		};
		AB0D037917305653005943DE /* Assets */ = {
			isa = PBXGroup;
			children = (
				AB8100E617403D5F00BE2F47 /* launcher144.png */,
				AB6F711D173D6103009D8E16 /* iOSlauncher72.png */,
				AB6F711E173D6103009D8E16 /* iOSlauncher114.png */,
				AB6F711F173D6103009D8E16 /* iOSlauncherIcon57.png */,
				AB0239C11730B21100D6B382 /* personholdingphone.png */,
				AB0D037A17305678005943DE /* camera1 copy.png */,
				AB0D037B17305678005943DE /* colorLogoHome.png */,
				AB0D037C17305678005943DE /* flag-white-larger.png */,
				AB0D037D17305678005943DE /* flag.png */,
				AB0D037E17305678005943DE /* flagGreen.png */,
				AB0D037F17305678005943DE /* grayArrow.png */,
				AB0D038017305678005943DE /* map.png */,
				AB0D038217305678005943DE /* poi-globe.png */,
				AB0D038317305678005943DE /* poi2.png */,
				AB0D038417305678005943DE /* WisconsinMap.png */,
			);
			name = Assets;
			sourceTree = "<group>";
		};
		AB3C2D0A16E125F7003A1A58 /* ARKit */ = {
			isa = PBXGroup;
			children = (
				AB3C2D2816E1260D003A1A58 /* Images */,
				AB3C2D0B16E12606003A1A58 /* ARCoordinate.h */,
				AB3C2D0C16E12606003A1A58 /* ARCoordinate.m */,
				AB3C2D0D16E12606003A1A58 /* ARGeoCoordinate.h */,
				AB3C2D0E16E12606003A1A58 /* ARGeoCoordinate.m */,
				AB3C2D0F16E12606003A1A58 /* ARKit.h */,
				AB3C2D1016E12606003A1A58 /* ARKit.m */,
				AB3C2D1116E12606003A1A58 /* ARLocationDelegate.h */,
				AB3C2D1216E12606003A1A58 /* ARViewController.h */,
				AB3C2D1316E12606003A1A58 /* ARViewController.m */,
				AB3C2D1416E12606003A1A58 /* ARViewProtocol.h */,
				AB3C2D1516E12606003A1A58 /* AugmentedRealityController.h */,
				AB3C2D1616E12606003A1A58 /* AugmentedRealityController.m */,
				AB3C2D1716E12606003A1A58 /* GEOLocations.h */,
				AB3C2D1816E12606003A1A58 /* GEOLocations.m */,
				AB3C2D1916E12606003A1A58 /* MarkerView.h */,
				AB3C2D1A16E12606003A1A58 /* MarkerView.m */,
				AB3C2D1B16E12606003A1A58 /* Radar.h */,
				AB3C2D1C16E12606003A1A58 /* Radar.m */,
				AB3C2D1D16E12606003A1A58 /* RadarViewPortView.h */,
				AB3C2D1E16E12606003A1A58 /* RadarViewPortView.m */,
			);
			name = ARKit;
			sourceTree = "<group>";
		};
		AB3C2D2816E1260D003A1A58 /* Images */ = {
			isa = PBXGroup;
			children = (
			);
			name = Images;
			sourceTree = "<group>";
		};
		AB9CC1D816E319B200B47683 /* Controllers */ = {
			isa = PBXGroup;
			children = (
				ABAF55D3171CF9DD00278222 /* ImageViewController.h */,
				ABAF55D4171CF9DE00278222 /* ImageViewController.m */,
				AB51ED7A16E9B6B800851F19 /* TutorialFirstViewController.h */,
				AB51ED7B16E9B6BA00851F19 /* TutorialFirstViewController.m */,
				AB51ED8116EAABAD00851F19 /* TutorialSecondViewController.h */,
				AB51ED8216EAABAF00851F19 /* TutorialSecondViewController.m */,
				7B27435816D2820600F89C69 /* MapViewController.h */,
				7B27435916D2820600F89C69 /* MapViewController.m */,
				7B8C3FF315D8D55800E42A41 /* QuestMenuViewController.h */,
				7B8C3FF415D8D55800E42A41 /* QuestMenuViewController.m */,
				7BDBF478166CDEB100FDA327 /* SASlideMenuAppDelegate.h */,
				7BDBF479166CDEB100FDA327 /* SASlideMenuAppDelegate.m */,
				AB3C2D4116E12F12003A1A58 /* MainStoryboard.storyboard */,
				AB9CC1DF16E422F900B47683 /* MapPackListViewController.h */,
				AB9CC1E016E422F900B47683 /* MapPackListViewController.m */,
				AB51ED6D16E8226800851F19 /* SettingsMasterViewController.h */,
				AB51ED6E16E8226A00851F19 /* SettingsMasterViewController.m */,
				AB616F491714B3EB0058EB99 /* MapModeListViewController.h */,
				AB616F4A1714B3EB0058EB99 /* MapModeListViewController.m */,
			);
			name = Controllers;
			path = SASlideMenuStatic;
			sourceTree = SOURCE_ROOT;
		};
/* End PBXGroup section */

/* Begin PBXNativeTarget section */
		7BDBF469166CDEB100FDA327 /* UWSP Virtual ToursStatic */ = {
			isa = PBXNativeTarget;
			buildConfigurationList = 7BDBF487166CDEB100FDA327 /* Build configuration list for PBXNativeTarget "UWSP Virtual ToursStatic" */;
			buildPhases = (
				7BDBF466166CDEB100FDA327 /* Sources */,
				7BDBF467166CDEB100FDA327 /* Frameworks */,
				7BDBF468166CDEB100FDA327 /* Resources */,
			);
			buildRules = (
			);
			dependencies = (
			);
			name = "UWSP Virtual ToursStatic";
			productName = SASlideMenuStatic;
			productReference = 7BDBF46A166CDEB100FDA327 /* UWSP Tours.app */;
			productType = "com.apple.product-type.application";
		};
/* End PBXNativeTarget section */

/* Begin PBXProject section */
		7B8C3FD115D8D55800E42A41 /* Project object */ = {
			isa = PBXProject;
			attributes = {
				CLASSPREFIX = SASlideMenu;
				LastUpgradeCheck = 0460;
				ORGANIZATIONNAME = "Stefano Antonelli";
			};
			buildConfigurationList = 7B8C3FD415D8D55800E42A41 /* Build configuration list for PBXProject "UWSP Virtual Tours" */;
			compatibilityVersion = "Xcode 3.2";
			developmentRegion = English;
			hasScannedForEncodings = 0;
			knownRegions = (
				en,
			);
			mainGroup = 7B8C3FCF15D8D55800E42A41;
			productRefGroup = 7B8C3FDB15D8D55800E42A41 /* Products */;
			projectDirPath = "";
			projectRoot = "";
			targets = (
				7BDBF469166CDEB100FDA327 /* UWSP Virtual ToursStatic */,
			);
		};
/* End PBXProject section */

/* Begin PBXResourcesBuildPhase section */
		7BDBF468166CDEB100FDA327 /* Resources */ = {
			isa = PBXResourcesBuildPhase;
			buildActionMask = 2147483647;
			files = (
				7BDBF474166CDEB100FDA327 /* InfoPlist.strings in Resources */,
				7BDBF47C166CDEB100FDA327 /* Default.png in Resources */,
				7BDBF47E166CDEB100FDA327 /* Default@2x.png in Resources */,
				7BDBF480166CDEB100FDA327 /* Default-568h@2x.png in Resources */,
				7BDBF492166CDF8200FDA327 /* menuright.png in Resources */,
				7BDBF493166CDF8200FDA327 /* menuright@2x.png in Resources */,
				7BDBF49B166CDF8200FDA327 /* selectedColoredRow.png in Resources */,
				7BDBF49C166CDF8200FDA327 /* selectedColoredRow@2x.png in Resources */,
				7BDBF49F166CDF8200FDA327 /* menu.png in Resources */,
				7BDBF4A0166CDF8200FDA327 /* menu@2x.png in Resources */,
				7BDBF4A1166CDF8200FDA327 /* menuhighlighted.png in Resources */,
				7BDBF4A2166CDF8200FDA327 /* menuhighlighted@2x.png in Resources */,
				7BDBF4A3166CDF8200FDA327 /* menuicon.png in Resources */,
				7BDBF4A4166CDF8200FDA327 /* menuicon@2x.png in Resources */,
				7BDBF4A5166CDF8200FDA327 /* disclosure.png in Resources */,
				7BDBF4A6166CDF8200FDA327 /* disclosure@2x.png in Resources */,
				7BDBF4A7166CDF8200FDA327 /* row.png in Resources */,
				7BDBF4A8166CDF8200FDA327 /* row@2x.png in Resources */,
				7BDBF4A9166CDF8200FDA327 /* rowselected.png in Resources */,
				7BDBF4AA166CDF8200FDA327 /* rowselected@2x.png in Resources */,
				AB3C2D4216E12F12003A1A58 /* MainStoryboard.storyboard in Resources */,
				AB9CC1E316E51B4500B47683 /* menu copy.png in Resources */,
				AB9CC1E516E52A4D00B47683 /* menu copy2.png in Resources */,
				AB07D136172393EE0099361D /* ZAActivityBar.bundle in Resources */,
				AB031FB5172AF507003886AA /* GoogleMaps.bundle in Resources */,
				AB0D038517305678005943DE /* camera1 copy.png in Resources */,
				AB0D038617305678005943DE /* colorLogoHome.png in Resources */,
				AB0D038717305678005943DE /* flag-white-larger.png in Resources */,
				AB0D038817305678005943DE /* flag.png in Resources */,
				AB0D038917305678005943DE /* flagGreen.png in Resources */,
				AB0D038A17305678005943DE /* grayArrow.png in Resources */,
				AB0D038B17305678005943DE /* map.png in Resources */,
				AB0D038D17305678005943DE /* poi-globe.png in Resources */,
				AB0D038E17305678005943DE /* poi2.png in Resources */,
				AB0D038F17305678005943DE /* WisconsinMap.png in Resources */,
				AB0239C21730B21100D6B382 /* personholdingphone.png in Resources */,
				AB6F7116173D5EE0009D8E16 /* screenshot.png in Resources */,
				AB6F7120173D6103009D8E16 /* iOSlauncher72.png in Resources */,
				AB6F7121173D6103009D8E16 /* iOSlauncher114.png in Resources */,
				AB6F7122173D6103009D8E16 /* iOSlauncherIcon57.png in Resources */,
				AB8100E717403D5F00BE2F47 /* launcher144.png in Resources */,
			);
			runOnlyForDeploymentPostprocessing = 0;
		};
/* End PBXResourcesBuildPhase section */

/* Begin PBXSourcesBuildPhase section */
		7BDBF466166CDEB100FDA327 /* Sources */ = {
			isa = PBXSourcesBuildPhase;
			buildActionMask = 2147483647;
			files = (
				7BDBF476166CDEB100FDA327 /* main.m in Sources */,
				7BDBF47A166CDEB100FDA327 /* SASlideMenuAppDelegate.m in Sources */,
				7BDBF4AD166CDFEC00FDA327 /* QuestMenuViewController.m in Sources */,
				7B27435A16D2820600F89C69 /* MapViewController.m in Sources */,
				AB3C2D1F16E12606003A1A58 /* ARCoordinate.m in Sources */,
				AB3C2D2016E12606003A1A58 /* ARGeoCoordinate.m in Sources */,
				AB3C2D2116E12606003A1A58 /* ARKit.m in Sources */,
				AB3C2D2216E12606003A1A58 /* ARViewController.m in Sources */,
				AB3C2D2316E12606003A1A58 /* AugmentedRealityController.m in Sources */,
				AB3C2D2416E12606003A1A58 /* GEOLocations.m in Sources */,
				AB3C2D2516E12606003A1A58 /* MarkerView.m in Sources */,
				AB3C2D2616E12606003A1A58 /* Radar.m in Sources */,
				AB3C2D2716E12606003A1A58 /* RadarViewPortView.m in Sources */,
				AB9CC1DE16E3CE4000B47683 /* XmlArrayParser.m in Sources */,
				AB9CC1E116E422FA00B47683 /* MapPackListViewController.m in Sources */,
				AB51ED6C16E7D73600851F19 /* Singleton.m in Sources */,
				AB51ED6F16E8226B00851F19 /* SettingsMasterViewController.m in Sources */,
				AB51ED7C16E9B6BD00851F19 /* TutorialFirstViewController.m in Sources */,
				AB51ED8316EAABB100851F19 /* TutorialSecondViewController.m in Sources */,
				AB616F4B1714B3EB0058EB99 /* MapModeListViewController.m in Sources */,
				AB77BCAF1717A92B00CC5644 /* SASlideMenuContentSegue.m in Sources */,
				AB77BCB01717A92B00CC5644 /* SASlideMenuLeftMenuSegue.m in Sources */,
				AB77BCB11717A92B00CC5644 /* SASlideMenuRightMenuSegue.m in Sources */,
				AB77BCB21717A92B00CC5644 /* SASlideMenuPushSegue.m in Sources */,
				AB77BCB31717A92B00CC5644 /* SASlideMenuViewController.m in Sources */,
				AB77BCB41717A92B00CC5644 /* SASlideMenuRootViewController.m in Sources */,
				AB77BCB51717A92B00CC5644 /* SASlideMenuRightMenuViewController.m in Sources */,
				AB77BCB61717A92B00CC5644 /* SASlideMenuNavigationController.m in Sources */,
				ABAF55D5171CF9E200278222 /* ImageViewController.m in Sources */,
				AB07D11A172391030099361D /* Poi.m in Sources */,
				AB07D11E1723915A0099361D /* EGORefreshTableHeaderView.m in Sources */,
				AB07D1211723916B0099361D /* DMRNotificationView.m in Sources */,
				AB07D124172391790099361D /* Reachability.m in Sources */,
				AB07D127172391900099361D /* XMLDataAccess.m in Sources */,
				AB07D12A172391A60099361D /* ZAActivityBar.m in Sources */,
				AB07D12D172391B50099361D /* SKBounceAnimation.m in Sources */,
				AB07D130172391C10099361D /* MDCParallaxView.m in Sources */,
			);
			runOnlyForDeploymentPostprocessing = 0;
		};
/* End PBXSourcesBuildPhase section */

/* Begin PBXVariantGroup section */
		7B8C3FE715D8D55800E42A41 /* InfoPlist.strings */ = {
			isa = PBXVariantGroup;
			children = (
				7B8C3FE815D8D55800E42A41 /* en */,
			);
			name = InfoPlist.strings;
			sourceTree = "<group>";
		};
		7BDBF472166CDEB100FDA327 /* InfoPlist.strings */ = {
			isa = PBXVariantGroup;
			children = (
				7BDBF473166CDEB100FDA327 /* en */,
			);
			name = InfoPlist.strings;
			sourceTree = "<group>";
		};
/* End PBXVariantGroup section */

/* Begin XCBuildConfiguration section */
		7B8C3FF615D8D55800E42A41 /* Debug */ = {
			isa = XCBuildConfiguration;
			buildSettings = {
				ALWAYS_SEARCH_USER_PATHS = NO;
				ARCHS = "$(ARCHS_STANDARD_32_BIT)";
				CLANG_CXX_LANGUAGE_STANDARD = "gnu++0x";
				CLANG_ENABLE_OBJC_ARC = YES;
				CLANG_WARN_CONSTANT_CONVERSION = YES;
				CLANG_WARN_ENUM_CONVERSION = YES;
				CLANG_WARN_INT_CONVERSION = YES;
				CLANG_WARN__DUPLICATE_METHOD_MATCH = YES;
				"CODE_SIGN_IDENTITY[sdk=iphoneos*]" = "iPhone Developer";
				COPY_PHASE_STRIP = NO;
				GCC_C_LANGUAGE_STANDARD = gnu99;
				GCC_DYNAMIC_NO_PIC = NO;
				GCC_OPTIMIZATION_LEVEL = 0;
				GCC_PREPROCESSOR_DEFINITIONS = (
					"DEBUG=1",
					"$(inherited)",
				);
				GCC_SYMBOLS_PRIVATE_EXTERN = NO;
				GCC_VERSION = com.apple.compilers.llvm.clang.1_0;
				GCC_WARN_ABOUT_RETURN_TYPE = YES;
				GCC_WARN_UNINITIALIZED_AUTOS = YES;
				GCC_WARN_UNUSED_VARIABLE = YES;
				IPHONEOS_DEPLOYMENT_TARGET = 5.1;
				SDKROOT = iphoneos;
			};
			name = Debug;
		};
		7B8C3FF715D8D55800E42A41 /* Release */ = {
			isa = XCBuildConfiguration;
			buildSettings = {
				ALWAYS_SEARCH_USER_PATHS = NO;
				ARCHS = "$(ARCHS_STANDARD_32_BIT)";
				CLANG_CXX_LANGUAGE_STANDARD = "gnu++0x";
				CLANG_ENABLE_OBJC_ARC = YES;
				CLANG_WARN_CONSTANT_CONVERSION = YES;
				CLANG_WARN_ENUM_CONVERSION = YES;
				CLANG_WARN_INT_CONVERSION = YES;
				CLANG_WARN__DUPLICATE_METHOD_MATCH = YES;
				"CODE_SIGN_IDENTITY[sdk=iphoneos*]" = "iPhone Developer";
				COPY_PHASE_STRIP = YES;
				GCC_C_LANGUAGE_STANDARD = gnu99;
				GCC_VERSION = com.apple.compilers.llvm.clang.1_0;
				GCC_WARN_ABOUT_RETURN_TYPE = YES;
				GCC_WARN_UNINITIALIZED_AUTOS = YES;
				GCC_WARN_UNUSED_VARIABLE = YES;
				IPHONEOS_DEPLOYMENT_TARGET = 5.1;
				OTHER_CFLAGS = "-DNS_BLOCK_ASSERTIONS=1";
				SDKROOT = iphoneos;
				VALIDATE_PRODUCT = YES;
			};
			name = Release;
		};
		7BDBF488166CDEB100FDA327 /* Debug */ = {
			isa = XCBuildConfiguration;
			buildSettings = {
				ARCHS = armv7;
				CLANG_CXX_LIBRARY = "libc++";
				CLANG_WARN_EMPTY_BODY = YES;
				CODE_SIGN_IDENTITY = "iPhone Developer";
				"CODE_SIGN_IDENTITY[sdk=iphoneos*]" = "iPhone Developer: Ryan Nasi (Y839N4YG7K)";
				FRAMEWORK_SEARCH_PATHS = (
					"$(inherited)",
					"\"$(SRCROOT)\"",
					"\"$(SRCROOT)/SASlideMenuStatic\"",
				);
				GCC_PRECOMPILE_PREFIX_HEADER = YES;
				GCC_PREFIX_HEADER = "SASlideMenuStatic/UWSP Virtual ToursStatic-Prefix.pch";
				INFOPLIST_FILE = "SASlideMenuStatic/UWSP Virtual ToursStatic-Info.plist";
				IPHONEOS_DEPLOYMENT_TARGET = 5.1;
				ONLY_ACTIVE_ARCH = YES;
				"OTHER_LDFLAGS[arch=*]" = "-ObjC";
				PRODUCT_NAME = "UWSP Tours";
				PROVISIONING_PROFILE = "";
				"PROVISIONING_PROFILE[sdk=iphoneos*]" = "";
				TARGETED_DEVICE_FAMILY = "1,2";
				WRAPPER_EXTENSION = app;
			};
			name = Debug;
		};
		7BDBF489166CDEB100FDA327 /* Release */ = {
			isa = XCBuildConfiguration;
			buildSettings = {
				ARCHS = armv7;
				"ARCHS[sdk=*]" = armv7;
				CLANG_CXX_LIBRARY = "libc++";
				CLANG_WARN_EMPTY_BODY = YES;
				CODE_SIGN_IDENTITY = "iPhone Developer";
				"CODE_SIGN_IDENTITY[sdk=iphoneos*]" = "iPhone Developer: Ryan Nasi (Y839N4YG7K)";
				FRAMEWORK_SEARCH_PATHS = (
					"$(inherited)",
					"\"$(SRCROOT)\"",
					"\"$(SRCROOT)/SASlideMenuStatic\"",
				);
				GCC_PRECOMPILE_PREFIX_HEADER = YES;
				GCC_PREFIX_HEADER = "SASlideMenuStatic/UWSP Virtual ToursStatic-Prefix.pch";
				INFOPLIST_FILE = "SASlideMenuStatic/UWSP Virtual ToursStatic-Info.plist";
				IPHONEOS_DEPLOYMENT_TARGET = 5.1;
				"OTHER_LDFLAGS[arch=*]" = "-ObjC";
				PRODUCT_NAME = "UWSP Tours";
				PROVISIONING_PROFILE = "";
				"PROVISIONING_PROFILE[sdk=iphoneos*]" = "";
				TARGETED_DEVICE_FAMILY = "1,2";
				WRAPPER_EXTENSION = app;
			};
			name = Release;
		};
/* End XCBuildConfiguration section */

/* Begin XCConfigurationList section */
		7B8C3FD415D8D55800E42A41 /* Build configuration list for PBXProject "UWSP Virtual Tours" */ = {
			isa = XCConfigurationList;
			buildConfigurations = (
				7B8C3FF615D8D55800E42A41 /* Debug */,
				7B8C3FF715D8D55800E42A41 /* Release */,
			);
			defaultConfigurationIsVisible = 0;
			defaultConfigurationName = Release;
		};
		7BDBF487166CDEB100FDA327 /* Build configuration list for PBXNativeTarget "UWSP Virtual ToursStatic" */ = {
			isa = XCConfigurationList;
			buildConfigurations = (
				7BDBF488166CDEB100FDA327 /* Debug */,
				7BDBF489166CDEB100FDA327 /* Release */,
			);
			defaultConfigurationIsVisible = 0;
			defaultConfigurationName = Release;
		};
/* End XCConfigurationList section */
	};
	rootObject = 7B8C3FD115D8D55800E42A41 /* Project object */;
}
